
Microsoft Visual Studio Solution File, Format Version 12.00
# Visual Studio Version 16
VisualStudioVersion = 16.0.29613.14
MinimumVisualStudioVersion = 10.0.40219.1
Project("{9A19103F-16F7-4668-BE54-9A1E7A4F7556}") = "TicketToRideModelingPractice", "TicketToRideModelingPractice\TicketToRideModelingPractice.csproj", "{AFCA7582-3441-428C-BA24-3F1F53EACDA4}"
EndProject
Project("{FAE04EC0-301F-11D3-BF4B-00C04F79EFBC}") = "TicketToRideModelingPractice.Europe", "TicketToRideModelingPractice.Europe\TicketToRideModelingPractice.Europe.csproj", "{E865611B-203A-4005-BE79-130E7DA3E649}"
EndProject
Global
	GlobalSection(SolutionConfigurationPlatforms) = preSolution
		Debug|Any CPU = Debug|Any CPU
		Release|Any CPU = Release|Any CPU
	EndGlobalSection
	GlobalSection(ProjectConfigurationPlatforms) = postSolution
		{AFCA7582-3441-428C-BA24-3F1F53EACDA4}.Debug|Any CPU.ActiveCfg = Debug|Any CPU
		{AFCA7582-3441-428C-BA24-3F1F53EACDA4}.Debug|Any CPU.Build.0 = Debug|Any CPU
		{AFCA7582-3441-428C-BA24-3F1F53EACDA4}.Release|Any CPU.ActiveCfg = Release|Any CPU
		{AFCA7582-3441-428C-BA24-3F1F53EACDA4}.Release|Any CPU.Build.0 = Release|Any CPU
		{E865611B-203A-4005-BE79-130E7DA3E649}.Debug|Any CPU.ActiveCfg = Debug|Any CPU
		{E865611B-203A-4005-BE79-130E7DA3E649}.Debug|Any CPU.Build.0 = Debug|Any CPU
		{E865611B-203A-4005-BE79-130E7DA3E649}.Release|Any CPU.ActiveCfg = Release|Any CPU
		{E865611B-203A-4005-BE79-130E7DA3E649}.Release|Any CPU.Build.0 = Release|Any CPU
	EndGlobalSection
	GlobalSection(SolutionProperties) = preSolution
		HideSolutionNode = FALSE
	EndGlobalSection
	GlobalSection(ExtensibilityGlobals) = postSolution
		SolutionGuid = {43CBEA61-0FD3-4924-AF4E-319C1558E70C}
	EndGlobalSection
EndGlobal
